<?xml version="1.0" encoding="utf-8"?>
<Project ToolsVersion="4.0" xmlns="http://schemas.microsoft.com/developer/msbuild/2003">
  <ItemGroup>
    <Filter Include="Source Files">
      <UniqueIdentifier>{4FC737F1-C7A5-4376-A066-2A32D752A2FF}</UniqueIdentifier>
      <Extensions>cpp;c;cc;cxx;def;odl;idl;hpj;bat;asm;asmx</Extensions>
    </Filter>
    <Filter Include="Header Files">
      <UniqueIdentifier>{93995380-89BD-4b04-88EB-625FBE52EBFB}</UniqueIdentifier>
      <Extensions>h;hh;hpp;hxx;hm;inl;inc;xsd</Extensions>
    </Filter>
    <Filter Include="Resource Files">
      <UniqueIdentifier>{67DA6AB6-F800-4c08-8B7A-83BB121AAD01}</UniqueIdentifier>
      <Extensions>rc;ico;cur;bmp;dlg;rc2;rct;bin;rgs;gif;jpg;jpeg;jpe;resx;tiff;tif;png;wav;mfcribbon-ms</Extensions>
    </Filter>
    <Filter Include="Shaders">
      <UniqueIdentifier>{2bad5ba9-4cbc-44aa-9fd1-afd1ec593782}</UniqueIdentifier>
    </Filter>
    <Filter Include="Header Files\Math">
      <UniqueIdentifier>{0be9f3bb-813e-4cc3-9415-1e6ca93f2411}</UniqueIdentifier>
    </Filter>
    <Filter Include="Header Files\Graphics">
      <UniqueIdentifier>{196c20da-95d5-4478-8db7-67f6328a9b81}</UniqueIdentifier>
    </Filter>
    <Filter Include="Source Files\Graphics">
      <UniqueIdentifier>{bb7bc4de-c8ba-4aeb-9dd2-2b58a807632e}</UniqueIdentifier>
    </Filter>
    <Filter Include="Source Files\Scene">
      <UniqueIdentifier>{bcc47d82-434d-4c2b-b0fa-ba74a461e91f}</UniqueIdentifier>
    </Filter>
    <Filter Include="Header Files\Scene">
      <UniqueIdentifier>{fde749a3-c649-4ead-a369-c9e778993a8d}</UniqueIdentifier>
    </Filter>
    <Filter Include="Source Files\Scene\Scenes">
      <UniqueIdentifier>{ad5f92f6-b38f-498a-9b87-fe96bf994c95}</UniqueIdentifier>
    </Filter>
    <Filter Include="Header Files\Scene\Scenes">
      <UniqueIdentifier>{866ec0c7-2ea0-4af5-9b72-1a5e98bd29d7}</UniqueIdentifier>
    </Filter>
    <Filter Include="Source Files\Managers">
      <UniqueIdentifier>{887a5e57-f76a-49dd-81be-4103ec42b54d}</UniqueIdentifier>
    </Filter>
    <Filter Include="Header Files\Managers">
      <UniqueIdentifier>{6dd5ad79-3619-4eb2-ba0c-6843fd089649}</UniqueIdentifier>
    </Filter>
    <Filter Include="Header Files\Objects">
      <UniqueIdentifier>{6bb857ab-f936-42dc-8af3-04867c374ff9}</UniqueIdentifier>
    </Filter>
    <Filter Include="Source Files\Objects">
      <UniqueIdentifier>{a6ff294a-f0b8-4aaa-8b6a-7cffe040979e}</UniqueIdentifier>
    </Filter>
    <Filter Include="Textures">
      <UniqueIdentifier>{76d7a431-6f07-48b4-8377-d24c9f69ba47}</UniqueIdentifier>
    </Filter>
    <Filter Include="Libraries">
      <UniqueIdentifier>{306aee5c-2886-4bc4-ad6a-6370d6a21cbc}</UniqueIdentifier>
    </Filter>
    <Filter Include="Libraries\lodepng">
      <UniqueIdentifier>{2afba267-cbad-44a7-99e3-45d977483c26}</UniqueIdentifier>
    </Filter>
    <Filter Include="Source Files\Math">
      <UniqueIdentifier>{398c73c7-91fc-47fe-96a6-8a1510aaac2f}</UniqueIdentifier>
    </Filter>
    <Filter Include="Header Files\Util">
      <UniqueIdentifier>{6d0e1e15-63be-49be-893c-5d69f0a804b0}</UniqueIdentifier>
    </Filter>
    <Filter Include="Source Files\Util">
      <UniqueIdentifier>{78af424c-3cce-4399-8f65-e37a0747ea95}</UniqueIdentifier>
    </Filter>
    <Filter Include="Libraries\imgui">
      <UniqueIdentifier>{0747ffe7-bc5b-4596-9f6a-67dae9b7815d}</UniqueIdentifier>
    </Filter>
  </ItemGroup>
  <ItemGroup>
    <ClCompile Include="Main.cpp">
      <Filter>Source Files</Filter>
    </ClCompile>
    <ClCompile Include="glad.c">
      <Filter>Resource Files</Filter>
    </ClCompile>
    <ClCompile Include="Libraries\lodepng\lodepng.cpp">
      <Filter>Libraries\lodepng</Filter>
    </ClCompile>
    <ClCompile Include="Graphics\Material.cpp">
      <Filter>Source Files\Graphics</Filter>
    </ClCompile>
    <ClCompile Include="Graphics\Mesh.cpp">
      <Filter>Source Files\Graphics</Filter>
    </ClCompile>
    <ClCompile Include="Graphics\MeshPrimitives.cpp">
      <Filter>Source Files\Graphics</Filter>
    </ClCompile>
    <ClCompile Include="Graphics\Shader.cpp">
      <Filter>Source Files\Graphics</Filter>
    </ClCompile>
    <ClCompile Include="Graphics\Texture.cpp">
      <Filter>Source Files\Graphics</Filter>
    </ClCompile>
    <ClCompile Include="Managers\SceneManager.cpp">
      <Filter>Source Files\Managers</Filter>
    </ClCompile>
    <ClCompile Include="Objects\Object.cpp">
      <Filter>Source Files\Objects</Filter>
    </ClCompile>
    <ClCompile Include="Objects\SceneNode.cpp">
      <Filter>Source Files\Objects</Filter>
    </ClCompile>
    <ClCompile Include="Objects\Transform.cpp">
      <Filter>Source Files\Objects</Filter>
    </ClCompile>
    <ClCompile Include="Scene\Scenes\TestScene.cpp">
      <Filter>Source Files\Scene\Scenes</Filter>
    </ClCompile>
    <ClCompile Include="Scene\Scene.cpp">
      <Filter>Source Files\Scene</Filter>
    </ClCompile>
    <ClCompile Include="Util\Time.cpp">
      <Filter>Source Files\Util</Filter>
    </ClCompile>
    <ClCompile Include="Util\Window.cpp">
      <Filter>Source Files\Util</Filter>
    </ClCompile>
    <ClCompile Include="Math\QuaternionMath.cpp">
      <Filter>Source Files\Math</Filter>
    </ClCompile>
    <ClCompile Include="Libraries\imgui\imgui.cpp">
      <Filter>Libraries\imgui</Filter>
    </ClCompile>
    <ClCompile Include="Libraries\imgui\imgui_demo.cpp">
      <Filter>Libraries\imgui</Filter>
    </ClCompile>
    <ClCompile Include="Libraries\imgui\imgui_draw.cpp">
      <Filter>Libraries\imgui</Filter>
    </ClCompile>
    <ClCompile Include="Libraries\imgui\imgui_impl_glfw.cpp">
      <Filter>Libraries\imgui</Filter>
    </ClCompile>
    <ClCompile Include="Libraries\imgui\imgui_widgets.cpp">
      <Filter>Libraries\imgui</Filter>
    </ClCompile>
    <ClCompile Include="Libraries\imgui\imgui_impl_opengl3.cpp">
      <Filter>Libraries\imgui</Filter>
    </ClCompile>
    <ClCompile Include="Color.cpp">
      <Filter>Source Files\Graphics</Filter>
    </ClCompile>
  </ItemGroup>
  <ItemGroup>
    <ClInclude Include="Main.h">
      <Filter>Header Files</Filter>
    </ClInclude>
    <ClInclude Include="Libraries\lodepng\lodepng.h">
      <Filter>Libraries\lodepng</Filter>
    </ClInclude>
    <ClInclude Include="Graphics\Material.h">
      <Filter>Header Files\Graphics</Filter>
    </ClInclude>
    <ClInclude Include="Graphics\Mesh.h">
      <Filter>Header Files\Graphics</Filter>
    </ClInclude>
    <ClInclude Include="Graphics\MeshPrimitives.h">
      <Filter>Header Files\Graphics</Filter>
    </ClInclude>
    <ClInclude Include="Graphics\Shader.h">
      <Filter>Header Files\Graphics</Filter>
    </ClInclude>
    <ClInclude Include="Graphics\Texture.h">
      <Filter>Header Files\Graphics</Filter>
    </ClInclude>
    <ClInclude Include="Managers\SceneManager.h">
      <Filter>Header Files\Managers</Filter>
    </ClInclude>
    <ClInclude Include="Objects\Object.h">
      <Filter>Header Files\Objects</Filter>
    </ClInclude>
    <ClInclude Include="Objects\SceneNode.h">
      <Filter>Header Files\Objects</Filter>
    </ClInclude>
    <ClInclude Include="Objects\Transform.h">
      <Filter>Header Files\Objects</Filter>
    </ClInclude>
    <ClInclude Include="Scene\Scenes\TestScene.h">
      <Filter>Header Files\Scene\Scenes</Filter>
    </ClInclude>
    <ClInclude Include="Scene\Scene.h">
      <Filter>Header Files\Scene</Filter>
    </ClInclude>
    <ClInclude Include="Objects\NodeTags.h">
      <Filter>Header Files\Objects</Filter>
    </ClInclude>
    <ClInclude Include="Math\MatrixMath.h">
      <Filter>Header Files\Math</Filter>
    </ClInclude>
    <ClInclude Include="Math\QuaternionMath.h">
      <Filter>Header Files\Math</Filter>
    </ClInclude>
    <ClInclude Include="Math\VectorMath.h">
      <Filter>Header Files\Math</Filter>
    </ClInclude>
    <ClInclude Include="Util\Helpers.h">
      <Filter>Header Files\Util</Filter>
    </ClInclude>
    <ClInclude Include="Util\Time.h">
      <Filter>Header Files\Util</Filter>
    </ClInclude>
    <ClInclude Include="Util\Window.h">
      <Filter>Header Files\Util</Filter>
    </ClInclude>
    <ClInclude Include="Libraries\imgui\imconfig.h">
      <Filter>Libraries\imgui</Filter>
    </ClInclude>
    <ClInclude Include="Libraries\imgui\imgui.h">
      <Filter>Libraries\imgui</Filter>
    </ClInclude>
    <ClInclude Include="Libraries\imgui\imgui_impl_glfw.h">
      <Filter>Libraries\imgui</Filter>
    </ClInclude>
    <ClInclude Include="Libraries\imgui\imgui_internal.h">
      <Filter>Libraries\imgui</Filter>
    </ClInclude>
    <ClInclude Include="Libraries\imgui\imstb_rectpack.h">
      <Filter>Libraries\imgui</Filter>
    </ClInclude>
    <ClInclude Include="Libraries\imgui\imstb_textedit.h">
      <Filter>Libraries\imgui</Filter>
    </ClInclude>
    <ClInclude Include="Libraries\imgui\imstb_truetype.h">
      <Filter>Libraries\imgui</Filter>
    </ClInclude>
    <ClInclude Include="Libraries\imgui\imgui_impl_opengl3.h">
      <Filter>Libraries\imgui</Filter>
    </ClInclude>
    <ClInclude Include="Color.h">
      <Filter>Header Files\Graphics</Filter>
    </ClInclude>
    <ClInclude Include="Graphics\UIHelpers.h">
      <Filter>Header Files\Graphics</Filter>
    </ClInclude>
  </ItemGroup>
  <ItemGroup>
    <Text Include="Shaders\default.frag">
      <Filter>Shaders</Filter>
    </Text>
    <Text Include="Shaders\default.vert">
      <Filter>Shaders</Filter>
    </Text>
  </ItemGroup>
  <ItemGroup>
    <None Include="Shaders\defaultIncludes.glsl">
      <Filter>Shaders</Filter>
    </None>
    <None Include="Shaders\RayTest.frag">
      <Filter>Shaders</Filter>
    </None>
    <None Include="Shaders\SDFIncludes.glsl">
      <Filter>Shaders</Filter>
    </None>
    <None Include="Shaders\NoiseIncludes.glsl">
      <Filter>Shaders</Filter>
    </None>
  </ItemGroup>
  <ItemGroup>
    <Image Include="Textures\checker.png">
      <Filter>Textures</Filter>
    </Image>
    <Image Include="Textures\test.png">
      <Filter>Textures</Filter>
    </Image>
  </ItemGroup>
</Project>