<?xml version="1.0" encoding="utf-8"?>
<Project ToolsVersion="4.0" xmlns="http://schemas.microsoft.com/developer/msbuild/2003">
  <ItemGroup>
    <Filter Include="Source Files">
      <UniqueIdentifier>{4FC737F1-C7A5-4376-A066-2A32D752A2FF}</UniqueIdentifier>
      <Extensions>cpp;c;cc;cxx;def;odl;idl;hpj;bat;asm;asmx</Extensions>
    </Filter>
    <Filter Include="Header Files">
      <UniqueIdentifier>{93995380-89BD-4b04-88EB-625FBE52EBFB}</UniqueIdentifier>
      <Extensions>h;hh;hpp;hxx;hm;inl;inc;xsd</Extensions>
    </Filter>
    <Filter Include="Resource Files">
      <UniqueIdentifier>{67DA6AB6-F800-4c08-8B7A-83BB121AAD01}</UniqueIdentifier>
      <Extensions>rc;ico;cur;bmp;dlg;rc2;rct;bin;rgs;gif;jpg;jpeg;jpe;resx;tiff;tif;png;wav;mfcribbon-ms</Extensions>
    </Filter>
    <Filter Include="Shaders">
      <UniqueIdentifier>{2bad5ba9-4cbc-44aa-9fd1-afd1ec593782}</UniqueIdentifier>
    </Filter>
    <Filter Include="Header Files\Math">
      <UniqueIdentifier>{0be9f3bb-813e-4cc3-9415-1e6ca93f2411}</UniqueIdentifier>
    </Filter>
    <Filter Include="Header Files\Graphics">
      <UniqueIdentifier>{196c20da-95d5-4478-8db7-67f6328a9b81}</UniqueIdentifier>
    </Filter>
    <Filter Include="Source Files\Graphics">
      <UniqueIdentifier>{bb7bc4de-c8ba-4aeb-9dd2-2b58a807632e}</UniqueIdentifier>
    </Filter>
    <Filter Include="Source Files\Scene">
      <UniqueIdentifier>{bcc47d82-434d-4c2b-b0fa-ba74a461e91f}</UniqueIdentifier>
    </Filter>
    <Filter Include="Header Files\Scene">
      <UniqueIdentifier>{fde749a3-c649-4ead-a369-c9e778993a8d}</UniqueIdentifier>
    </Filter>
    <Filter Include="Source Files\Scene\Scenes">
      <UniqueIdentifier>{ad5f92f6-b38f-498a-9b87-fe96bf994c95}</UniqueIdentifier>
    </Filter>
    <Filter Include="Header Files\Scene\Scenes">
      <UniqueIdentifier>{866ec0c7-2ea0-4af5-9b72-1a5e98bd29d7}</UniqueIdentifier>
    </Filter>
    <Filter Include="Source Files\Managers">
      <UniqueIdentifier>{887a5e57-f76a-49dd-81be-4103ec42b54d}</UniqueIdentifier>
    </Filter>
    <Filter Include="Header Files\Managers">
      <UniqueIdentifier>{6dd5ad79-3619-4eb2-ba0c-6843fd089649}</UniqueIdentifier>
    </Filter>
    <Filter Include="Header Files\Objects">
      <UniqueIdentifier>{6bb857ab-f936-42dc-8af3-04867c374ff9}</UniqueIdentifier>
    </Filter>
    <Filter Include="Source Files\Objects">
      <UniqueIdentifier>{a6ff294a-f0b8-4aaa-8b6a-7cffe040979e}</UniqueIdentifier>
    </Filter>
    <Filter Include="Textures">
      <UniqueIdentifier>{76d7a431-6f07-48b4-8377-d24c9f69ba47}</UniqueIdentifier>
    </Filter>
  </ItemGroup>
  <ItemGroup>
    <ClCompile Include="Main.cpp">
      <Filter>Source Files</Filter>
    </ClCompile>
    <ClCompile Include="glad.c">
      <Filter>Resource Files</Filter>
    </ClCompile>
    <ClCompile Include="Mesh.cpp">
      <Filter>Source Files\Graphics</Filter>
    </ClCompile>
    <ClCompile Include="MeshPrimitives.cpp">
      <Filter>Source Files\Graphics</Filter>
    </ClCompile>
    <ClCompile Include="Material.cpp">
      <Filter>Source Files\Graphics</Filter>
    </ClCompile>
    <ClCompile Include="Shader.cpp">
      <Filter>Source Files\Graphics</Filter>
    </ClCompile>
    <ClCompile Include="Scene.cpp">
      <Filter>Source Files\Scene</Filter>
    </ClCompile>
    <ClCompile Include="TestScene.cpp">
      <Filter>Source Files\Scene\Scenes</Filter>
    </ClCompile>
    <ClCompile Include="SceneManager.cpp">
      <Filter>Source Files\Managers</Filter>
    </ClCompile>
    <ClCompile Include="Object.cpp">
      <Filter>Source Files\Objects</Filter>
    </ClCompile>
    <ClCompile Include="SceneNode.cpp">
      <Filter>Source Files\Objects</Filter>
    </ClCompile>
    <ClCompile Include="Quaternion.cpp">
      <Filter>Source Files</Filter>
    </ClCompile>
    <ClCompile Include="Texture.cpp">
      <Filter>Source Files\Graphics</Filter>
    </ClCompile>
  </ItemGroup>
  <ItemGroup>
    <ClInclude Include="Main.h">
      <Filter>Header Files</Filter>
    </ClInclude>
    <ClInclude Include="Helpers.h">
      <Filter>Header Files</Filter>
    </ClInclude>
    <ClInclude Include="Transform.h">
      <Filter>Header Files</Filter>
    </ClInclude>
    <ClInclude Include="VectorMath.h">
      <Filter>Header Files\Math</Filter>
    </ClInclude>
    <ClInclude Include="Quaternion.h">
      <Filter>Header Files\Math</Filter>
    </ClInclude>
    <ClInclude Include="Mesh.h">
      <Filter>Header Files\Graphics</Filter>
    </ClInclude>
    <ClInclude Include="Material.h">
      <Filter>Header Files\Graphics</Filter>
    </ClInclude>
    <ClInclude Include="MeshPrimitives.h">
      <Filter>Header Files\Graphics</Filter>
    </ClInclude>
    <ClInclude Include="Shader.h">
      <Filter>Header Files\Graphics</Filter>
    </ClInclude>
    <ClInclude Include="Scene.h">
      <Filter>Header Files\Scene</Filter>
    </ClInclude>
    <ClInclude Include="NodeTags.h">
      <Filter>Header Files\Scene</Filter>
    </ClInclude>
    <ClInclude Include="TestScene.h">
      <Filter>Header Files\Scene\Scenes</Filter>
    </ClInclude>
    <ClInclude Include="SceneManager.h">
      <Filter>Header Files\Managers</Filter>
    </ClInclude>
    <ClInclude Include="Object.h">
      <Filter>Header Files\Objects</Filter>
    </ClInclude>
    <ClInclude Include="SceneNode.h">
      <Filter>Header Files\Objects</Filter>
    </ClInclude>
    <ClInclude Include="stb_image.h">
      <Filter>Resource Files</Filter>
    </ClInclude>
    <ClInclude Include="Texture.h">
      <Filter>Header Files\Graphics</Filter>
    </ClInclude>
  </ItemGroup>
  <ItemGroup>
    <Text Include="Shaders\default.frag">
      <Filter>Shaders</Filter>
    </Text>
    <Text Include="Shaders\default.vert">
      <Filter>Shaders</Filter>
    </Text>
  </ItemGroup>
  <ItemGroup>
    <None Include="Shaders\defaultIncludes.glsl">
      <Filter>Shaders</Filter>
    </None>
  </ItemGroup>
</Project>